
Microsoft Visual Studio Solution File, Format Version 12.00
# Visual Studio Version 16
VisualStudioVersion = 16.0.30413.136
MinimumVisualStudioVersion = 10.0.40219.1
Project("{FAE04EC0-301F-11D3-BF4B-00C04F79EFBC}") = "LINKED_LIST", "LINKED_LIST\LINKED_LIST.csproj", "{6F1C9CE8-BF32-45D1-A4E0-B6C7852BCDF5}"
EndProject
Global
	GlobalSection(SolutionConfigurationPlatforms) = preSolution
		Debug|Any CPU = Debug|Any CPU
		Release|Any CPU = Release|Any CPU
	EndGlobalSection
	GlobalSection(ProjectConfigurationPlatforms) = postSolution
		{6F1C9CE8-BF32-45D1-A4E0-B6C7852BCDF5}.Debug|Any CPU.ActiveCfg = Debug|Any CPU
		{6F1C9CE8-BF32-45D1-A4E0-B6C7852BCDF5}.Debug|Any CPU.Build.0 = Debug|Any CPU
		{6F1C9CE8-BF32-45D1-A4E0-B6C7852BCDF5}.Release|Any CPU.ActiveCfg = Release|Any CPU
		{6F1C9CE8-BF32-45D1-A4E0-B6C7852BCDF5}.Release|Any CPU.Build.0 = Release|Any CPU
	EndGlobalSection
	GlobalSection(SolutionProperties) = preSolution
		HideSolutionNode = FALSE
	EndGlobalSection
	GlobalSection(ExtensibilityGlobals) = postSolution
		SolutionGuid = {3788554A-D592-4BF5-A292-49B68CB244B3}
	EndGlobalSection
EndGlobal
